
Microsoft Visual Studio Solution File, Format Version 12.00
# Visual Studio Version 17
VisualStudioVersion = 17.0.31903.59
MinimumVisualStudioVersion = 10.0.40219.1
Project("{FAE04EC0-301F-11D3-BF4B-00C04F79EFBC}") = "Host", "Host\Host.csproj", "{9F68F19D-992D-42AF-AB54-ABF0AC7C2B78}"
EndProject
Project("{FAE04EC0-301F-11D3-BF4B-00C04F79EFBC}") = "Function", "Function\Function.csproj", "{FEBC2ABC-4EA0-43BB-8032-8F0DF7338482}"
EndProject
Project("{FAE04EC0-301F-11D3-BF4B-00C04F79EFBC}") = "SDK", "Sdk\SDK.csproj", "{B3AFE673-E3A7-4C4D-A7FB-A762FEC89B2F}"
EndProject
Project("{FAE04EC0-301F-11D3-BF4B-00C04F79EFBC}") = "GoodLibrary", "GoodLibrary\GoodLibrary.csproj", "{45A5322D-084D-4029-B47F-FE3ABA929077}"
EndProject
Project("{FAE04EC0-301F-11D3-BF4B-00C04F79EFBC}") = "CasCore", "..\..\CasCore\CasCore.csproj", "{9DEA9A49-DA25-4071-B6E1-C6EBC8DDF0AA}"
EndProject
Project("{FAE04EC0-301F-11D3-BF4B-00C04F79EFBC}") = "BadLibrary", "BadLibrary\BadLibrary.csproj", "{0BC20698-805C-42ED-AE99-A5F0943E086D}"
EndProject
Global
	GlobalSection(SolutionConfigurationPlatforms) = preSolution
		Debug|Any CPU = Debug|Any CPU
		Release|Any CPU = Release|Any CPU
	EndGlobalSection
	GlobalSection(SolutionProperties) = preSolution
		HideSolutionNode = FALSE
	EndGlobalSection
	GlobalSection(ProjectConfigurationPlatforms) = postSolution
		{9F68F19D-992D-42AF-AB54-ABF0AC7C2B78}.Debug|Any CPU.ActiveCfg = Debug|Any CPU
		{9F68F19D-992D-42AF-AB54-ABF0AC7C2B78}.Debug|Any CPU.Build.0 = Debug|Any CPU
		{9F68F19D-992D-42AF-AB54-ABF0AC7C2B78}.Release|Any CPU.ActiveCfg = Release|Any CPU
		{9F68F19D-992D-42AF-AB54-ABF0AC7C2B78}.Release|Any CPU.Build.0 = Release|Any CPU
		{FEBC2ABC-4EA0-43BB-8032-8F0DF7338482}.Debug|Any CPU.ActiveCfg = Debug|Any CPU
		{FEBC2ABC-4EA0-43BB-8032-8F0DF7338482}.Debug|Any CPU.Build.0 = Debug|Any CPU
		{FEBC2ABC-4EA0-43BB-8032-8F0DF7338482}.Release|Any CPU.ActiveCfg = Release|Any CPU
		{FEBC2ABC-4EA0-43BB-8032-8F0DF7338482}.Release|Any CPU.Build.0 = Release|Any CPU
		{B3AFE673-E3A7-4C4D-A7FB-A762FEC89B2F}.Debug|Any CPU.ActiveCfg = Debug|Any CPU
		{B3AFE673-E3A7-4C4D-A7FB-A762FEC89B2F}.Debug|Any CPU.Build.0 = Debug|Any CPU
		{B3AFE673-E3A7-4C4D-A7FB-A762FEC89B2F}.Release|Any CPU.ActiveCfg = Release|Any CPU
		{B3AFE673-E3A7-4C4D-A7FB-A762FEC89B2F}.Release|Any CPU.Build.0 = Release|Any CPU
		{45A5322D-084D-4029-B47F-FE3ABA929077}.Debug|Any CPU.ActiveCfg = Debug|Any CPU
		{45A5322D-084D-4029-B47F-FE3ABA929077}.Debug|Any CPU.Build.0 = Debug|Any CPU
		{45A5322D-084D-4029-B47F-FE3ABA929077}.Release|Any CPU.ActiveCfg = Release|Any CPU
		{45A5322D-084D-4029-B47F-FE3ABA929077}.Release|Any CPU.Build.0 = Release|Any CPU
		{9DEA9A49-DA25-4071-B6E1-C6EBC8DDF0AA}.Debug|Any CPU.ActiveCfg = Debug|Any CPU
		{9DEA9A49-DA25-4071-B6E1-C6EBC8DDF0AA}.Debug|Any CPU.Build.0 = Debug|Any CPU
		{9DEA9A49-DA25-4071-B6E1-C6EBC8DDF0AA}.Release|Any CPU.ActiveCfg = Release|Any CPU
		{9DEA9A49-DA25-4071-B6E1-C6EBC8DDF0AA}.Release|Any CPU.Build.0 = Release|Any CPU
		{0BC20698-805C-42ED-AE99-A5F0943E086D}.Debug|Any CPU.ActiveCfg = Debug|Any CPU
		{0BC20698-805C-42ED-AE99-A5F0943E086D}.Debug|Any CPU.Build.0 = Debug|Any CPU
		{0BC20698-805C-42ED-AE99-A5F0943E086D}.Release|Any CPU.ActiveCfg = Release|Any CPU
		{0BC20698-805C-42ED-AE99-A5F0943E086D}.Release|Any CPU.Build.0 = Release|Any CPU
	EndGlobalSection
EndGlobal
